PODS:
  - AzureSDK-iOS (1.2.1)
  - Facebook-iOS-SDK (3.13.1)
  - NewRelicAgent (3.289)
  - UICKeyChainStore (1.0.5)

DEPENDENCIES:
  - AzureSDK-iOS (~> 1.2.1)
  - Facebook-iOS-SDK (~> 3.13.1)
  - NewRelicAgent (~> 3.289)
  - UICKeyChainStore (~> 1.0.5)

SPEC CHECKSUMS:
  AzureSDK-iOS: 38f2809a39f1fdd45d612305ef25c0b024fbc776
  Facebook-iOS-SDK: 47ae9e54684c84f93d75d4e6ab47cd031abdf406
  NewRelicAgent: c851e3d60e2450c6c3052cf5ae96d5651e930bda
  UICKeyChainStore: bf99e73603419dc706496dc23a3aae8a1c65cb83

COCOAPODS: 0.32.1
