PODS:
  - BZGFormField (1.1.2)
  - BZGFormViewController (2.3.2):
    - libextobjc (~> 0.4)
    - libPhoneNumber-iOS (~> 0.7)
    - ReactiveCocoa (~> 2.3)
  - Facebook-iOS-SDK (3.13.1)
  - FormatterKit (1.4.2):
    - FormatterKit/AddressFormatter
    - FormatterKit/ArrayFormatter
    - FormatterKit/ColorFormatter
    - FormatterKit/LocationFormatter
    - FormatterKit/OrdinalNumberFormatter
    - FormatterKit/TimeIntervalFormatter
    - FormatterKit/UnitOfInformationFormatter
    - FormatterKit/URLRequestFormatter
  - FormatterKit/AddressFormatter (1.4.2)
  - FormatterKit/ArrayFormatter (1.4.2)
  - FormatterKit/ColorFormatter (1.4.2)
  - FormatterKit/LocationFormatter (1.4.2)
  - FormatterKit/OrdinalNumberFormatter (1.4.2)
  - FormatterKit/TimeIntervalFormatter (1.4.2)
  - FormatterKit/UnitOfInformationFormatter (1.4.2)
  - FormatterKit/URLRequestFormatter (1.4.2)
  - InAppSettingsKit (2.0.1)
  - libextobjc (0.4):
    - libextobjc/EXTADT
    - libextobjc/EXTConcreteProtocol
    - libextobjc/EXTKeyPathCoding
    - libextobjc/EXTNil
    - libextobjc/EXTSafeCategory
    - libextobjc/EXTScope
    - libextobjc/EXTSelectorChecking
    - libextobjc/EXTSynthesize
    - libextobjc/NSInvocation+EXT
    - libextobjc/NSMethodSignature+EXT
    - libextobjc/RuntimeExtensions
    - libextobjc/UmbrellaHeader
  - libextobjc/EXTADT (0.4):
    - libextobjc/RuntimeExtensions
  - libextobjc/EXTConcreteProtocol (0.4):
    - libextobjc/RuntimeExtensions
  - libextobjc/EXTKeyPathCoding (0.4):
    - libextobjc/RuntimeExtensions
  - libextobjc/EXTNil (0.4):
    - libextobjc/RuntimeExtensions
  - libextobjc/EXTSafeCategory (0.4):
    - libextobjc/RuntimeExtensions
  - libextobjc/EXTScope (0.4):
    - libextobjc/RuntimeExtensions
  - libextobjc/EXTSelectorChecking (0.4):
    - libextobjc/RuntimeExtensions
  - libextobjc/EXTSynthesize (0.4):
    - libextobjc/RuntimeExtensions
  - libextobjc/NSInvocation+EXT (0.4):
    - libextobjc/RuntimeExtensions
  - libextobjc/NSMethodSignature+EXT (0.4):
    - libextobjc/RuntimeExtensions
  - libextobjc/RuntimeExtensions (0.4)
  - libextobjc/UmbrellaHeader (0.4)
  - libPhoneNumber-iOS (0.7.2)
  - MZAppearance (1.1.3)
  - MZFormSheetController (2.3.4):
    - MZAppearance (~> 1.1.3)
  - NewRelicAgent (3.289)
  - ReactiveCocoa (2.3):
    - ReactiveCocoa/Core
    - ReactiveCocoa/no-arc
  - ReactiveCocoa/Core (2.3):
    - ReactiveCocoa/no-arc
  - ReactiveCocoa/no-arc (2.3)
  - UICKeyChainStore (1.0.5)
  - VPPLocation (3.0.0)

DEPENDENCIES:
  - BZGFormField (~> 1.1.2)
  - BZGFormViewController (~> 2.3.2)
  - Facebook-iOS-SDK (~> 3.13.1)
  - FormatterKit (~> 1.4.2)
  - InAppSettingsKit (~> 2.0.1)
  - MZFormSheetController (~> 2.3.4)
  - NewRelicAgent (~> 3.289)
  - UICKeyChainStore (~> 1.0.5)
  - VPPLocation (~> 3.0.0)

SPEC CHECKSUMS:
  BZGFormField: 724478d1e795458c93ec166730386caa85752454
  BZGFormViewController: 5b2c4931b5fc3ee749ddc227bc0eedf547fcd4d1
  Facebook-iOS-SDK: 47ae9e54684c84f93d75d4e6ab47cd031abdf406
  FormatterKit: 2c241963bc3bf3f2b52e82c0a8e29a8f9865bf3d
  InAppSettingsKit: 5e42f626b9be9c33e3b04c0cc9523ca5eabe7ad3
  libextobjc: 2c9fc8226f0f38e562587f65172f93f0c9b4a47a
  libPhoneNumber-iOS: 0d337bdaf8fcbd9e1bd864f62f67afbb27d81d82
  MZAppearance: 490bcde824c00598eb62efe732f2786d9342b907
  MZFormSheetController: 631fda39fe80df606a5a5c44b804a0c0edc5afd5
  NewRelicAgent: c851e3d60e2450c6c3052cf5ae96d5651e930bda
  ReactiveCocoa: 1f6265f9d521923d3efcc37b00722cefc16df269
  UICKeyChainStore: bf99e73603419dc706496dc23a3aae8a1c65cb83
  VPPLocation: f65971febd5cff93d7300428427a19d3d1e598a5

COCOAPODS: 0.32.1
