// !$*UTF8*$!
{
	archiveVersion = 1;
	classes = {
	};
	objectVersion = 46;
	objects = {

/* Begin PBXBuildFile section */
		10F1CACBA967417AB3FAFC06 /* libPods-Jettison.a in Frameworks */ = {isa = PBXBuildFile; fileRef = 57E26BEBA8E64392B37C280B /* libPods-Jettison.a */; };
		C0134332190C253F002C09D2 /* Foundation.framework in Frameworks */ = {isa = PBXBuildFile; fileRef = C0134331190C253F002C09D2 /* Foundation.framework */; };
		C0134334190C253F002C09D2 /* CoreGraphics.framework in Frameworks */ = {isa = PBXBuildFile; fileRef = C0134333190C253F002C09D2 /* CoreGraphics.framework */; };
		C0134336190C253F002C09D2 /* UIKit.framework in Frameworks */ = {isa = PBXBuildFile; fileRef = C0134335190C253F002C09D2 /* UIKit.framework */; };
		C013433E190C253F002C09D2 /* main.m in Sources */ = {isa = PBXBuildFile; fileRef = C013433D190C253F002C09D2 /* main.m */; };
		C0134342190C253F002C09D2 /* JTSAppDelegate.m in Sources */ = {isa = PBXBuildFile; fileRef = C0134341190C253F002C09D2 /* JTSAppDelegate.m */; };
		C0134344190C253F002C09D2 /* Images.xcassets in Resources */ = {isa = PBXBuildFile; fileRef = C0134343190C253F002C09D2 /* Images.xcassets */; };
		C013434B190C253F002C09D2 /* XCTest.framework in Frameworks */ = {isa = PBXBuildFile; fileRef = C013434A190C253F002C09D2 /* XCTest.framework */; };
		C013434C190C253F002C09D2 /* Foundation.framework in Frameworks */ = {isa = PBXBuildFile; fileRef = C0134331190C253F002C09D2 /* Foundation.framework */; };
		C013434D190C253F002C09D2 /* UIKit.framework in Frameworks */ = {isa = PBXBuildFile; fileRef = C0134335190C253F002C09D2 /* UIKit.framework */; };
		C0134355190C253F002C09D2 /* InfoPlist.strings in Resources */ = {isa = PBXBuildFile; fileRef = C0134353190C253F002C09D2 /* InfoPlist.strings */; };
		C0134357190C253F002C09D2 /* JettisonTests.m in Sources */ = {isa = PBXBuildFile; fileRef = C0134356190C253F002C09D2 /* JettisonTests.m */; };
		C03C5BEF19174C8800EDDAB8 /* Crashlytics.framework in Frameworks */ = {isa = PBXBuildFile; fileRef = C03C5BEE19174C8800EDDAB8 /* Crashlytics.framework */; };
		C093E8DA190C32090041D87A /* JTSAzureClient.m in Sources */ = {isa = PBXBuildFile; fileRef = C093E8D9190C32090041D87A /* JTSAzureClient.m */; };
		C093E8DF190C351E0041D87A /* JTSLoginViewController.m in Sources */ = {isa = PBXBuildFile; fileRef = C093E8DD190C351E0041D87A /* JTSLoginViewController.m */; };
		C093E8E0190C351E0041D87A /* JTSLoginViewController.xib in Resources */ = {isa = PBXBuildFile; fileRef = C093E8DE190C351E0041D87A /* JTSLoginViewController.xib */; };
		C093E8E4190C36460041D87A /* JTSHomeViewController.m in Sources */ = {isa = PBXBuildFile; fileRef = C093E8E2190C36460041D87A /* JTSHomeViewController.m */; };
		C093E8E5190C36460041D87A /* JTSHomeViewController.xib in Resources */ = {isa = PBXBuildFile; fileRef = C093E8E3190C36460041D87A /* JTSHomeViewController.xib */; };
		C093E8E9190C3C650041D87A /* JTSModel.m in Sources */ = {isa = PBXBuildFile; fileRef = C093E8E8190C3C650041D87A /* JTSModel.m */; };
		C093E8EC190C3D2F0041D87A /* JTSDrop.m in Sources */ = {isa = PBXBuildFile; fileRef = C093E8EB190C3D2F0041D87A /* JTSDrop.m */; };
		C093E8EE190C3D750041D87A /* MapKit.framework in Frameworks */ = {isa = PBXBuildFile; fileRef = C093E8ED190C3D750041D87A /* MapKit.framework */; };
		C093E8F3190C418F0041D87A /* WindowsAzureMessaging.framework in Frameworks */ = {isa = PBXBuildFile; fileRef = C093E8F1190C418F0041D87A /* WindowsAzureMessaging.framework */; };
		C093E8F4190C418F0041D87A /* WindowsAzureMobileServices.framework in Frameworks */ = {isa = PBXBuildFile; fileRef = C093E8F2190C418F0041D87A /* WindowsAzureMobileServices.framework */; };
		C093E8F8190C4BEA0041D87A /* JTSAddDropViewController.m in Sources */ = {isa = PBXBuildFile; fileRef = C093E8F6190C4BEA0041D87A /* JTSAddDropViewController.m */; };
		C093E901190C8CE40041D87A /* JTSDropDetailViewController.m in Sources */ = {isa = PBXBuildFile; fileRef = C093E8FF190C8CE40041D87A /* JTSDropDetailViewController.m */; };
		C093E902190C8CE40041D87A /* JTSDropDetailViewController.xib in Resources */ = {isa = PBXBuildFile; fileRef = C093E900190C8CE40041D87A /* JTSDropDetailViewController.xib */; };
		C0DA663719175C5A00516373 /* Localizable.strings in Resources */ = {isa = PBXBuildFile; fileRef = C0DA663919175C5A00516373 /* Localizable.strings */; };
		C0DA66401917685E00516373 /* InAppSettings.bundle in Resources */ = {isa = PBXBuildFile; fileRef = C0DA663F1917685E00516373 /* InAppSettings.bundle */; };
		C0E22132191F236300F40CD4 /* JTSSettingsViewController.m in Sources */ = {isa = PBXBuildFile; fileRef = C0E22130191F236300F40CD4 /* JTSSettingsViewController.m */; };
		C0E22133191F236300F40CD4 /* JTSSettingsViewController.xib in Resources */ = {isa = PBXBuildFile; fileRef = C0E22131191F236300F40CD4 /* JTSSettingsViewController.xib */; };
/* End PBXBuildFile section */

/* Begin PBXContainerItemProxy section */
		C013434E190C253F002C09D2 /* PBXContainerItemProxy */ = {
			isa = PBXContainerItemProxy;
			containerPortal = C0134326190C253F002C09D2 /* Project object */;
			proxyType = 1;
			remoteGlobalIDString = C013432D190C253F002C09D2;
			remoteInfo = Jettison;
		};
/* End PBXContainerItemProxy section */

/* Begin PBXFileReference section */
		2CF7943307F54CDF8A6C414A /* Pods-Jettison.xcconfig */ = {isa = PBXFileReference; includeInIndex = 1; lastKnownFileType = text.xcconfig; name = "Pods-Jettison.xcconfig"; path = "Pods/Pods-Jettison.xcconfig"; sourceTree = "<group>"; };
		57E26BEBA8E64392B37C280B /* libPods-Jettison.a */ = {isa = PBXFileReference; explicitFileType = archive.ar; includeInIndex = 0; path = "libPods-Jettison.a"; sourceTree = BUILT_PRODUCTS_DIR; };
		C013432E190C253F002C09D2 /* Jettison.app */ = {isa = PBXFileReference; explicitFileType = wrapper.application; includeInIndex = 0; path = Jettison.app; sourceTree = BUILT_PRODUCTS_DIR; };
		C0134331190C253F002C09D2 /* Foundation.framework */ = {isa = PBXFileReference; lastKnownFileType = wrapper.framework; name = Foundation.framework; path = System/Library/Frameworks/Foundation.framework; sourceTree = SDKROOT; };
		C0134333190C253F002C09D2 /* CoreGraphics.framework */ = {isa = PBXFileReference; lastKnownFileType = wrapper.framework; name = CoreGraphics.framework; path = System/Library/Frameworks/CoreGraphics.framework; sourceTree = SDKROOT; };
		C0134335190C253F002C09D2 /* UIKit.framework */ = {isa = PBXFileReference; lastKnownFileType = wrapper.framework; name = UIKit.framework; path = System/Library/Frameworks/UIKit.framework; sourceTree = SDKROOT; };
		C0134339190C253F002C09D2 /* Jettison-Info.plist */ = {isa = PBXFileReference; lastKnownFileType = text.plist.xml; path = "Jettison-Info.plist"; sourceTree = "<group>"; };
		C013433D190C253F002C09D2 /* main.m */ = {isa = PBXFileReference; lastKnownFileType = sourcecode.c.objc; path = main.m; sourceTree = "<group>"; };
		C013433F190C253F002C09D2 /* Jettison-Prefix.pch */ = {isa = PBXFileReference; lastKnownFileType = sourcecode.c.h; path = "Jettison-Prefix.pch"; sourceTree = "<group>"; };
		C0134340190C253F002C09D2 /* JTSAppDelegate.h */ = {isa = PBXFileReference; lastKnownFileType = sourcecode.c.h; path = JTSAppDelegate.h; sourceTree = "<group>"; };
		C0134341190C253F002C09D2 /* JTSAppDelegate.m */ = {isa = PBXFileReference; lastKnownFileType = sourcecode.c.objc; path = JTSAppDelegate.m; sourceTree = "<group>"; };
		C0134343190C253F002C09D2 /* Images.xcassets */ = {isa = PBXFileReference; lastKnownFileType = folder.assetcatalog; path = Images.xcassets; sourceTree = "<group>"; };
		C0134349190C253F002C09D2 /* JettisonTests.xctest */ = {isa = PBXFileReference; explicitFileType = wrapper.cfbundle; includeInIndex = 0; path = JettisonTests.xctest; sourceTree = BUILT_PRODUCTS_DIR; };
		C013434A190C253F002C09D2 /* XCTest.framework */ = {isa = PBXFileReference; lastKnownFileType = wrapper.framework; name = XCTest.framework; path = Library/Frameworks/XCTest.framework; sourceTree = DEVELOPER_DIR; };
		C0134352190C253F002C09D2 /* JettisonTests-Info.plist */ = {isa = PBXFileReference; lastKnownFileType = text.plist.xml; path = "JettisonTests-Info.plist"; sourceTree = "<group>"; };
		C0134354190C253F002C09D2 /* en */ = {isa = PBXFileReference; lastKnownFileType = text.plist.strings; name = en; path = en.lproj/InfoPlist.strings; sourceTree = "<group>"; };
		C0134356190C253F002C09D2 /* JettisonTests.m */ = {isa = PBXFileReference; lastKnownFileType = sourcecode.c.objc; path = JettisonTests.m; sourceTree = "<group>"; };
		C03C5BEE19174C8800EDDAB8 /* Crashlytics.framework */ = {isa = PBXFileReference; lastKnownFileType = wrapper.framework; path = Crashlytics.framework; sourceTree = "<group>"; };
		C093E8D8190C32090041D87A /* JTSAzureClient.h */ = {isa = PBXFileReference; fileEncoding = 4; lastKnownFileType = sourcecode.c.h; path = JTSAzureClient.h; sourceTree = "<group>"; };
		C093E8D9190C32090041D87A /* JTSAzureClient.m */ = {isa = PBXFileReference; fileEncoding = 4; lastKnownFileType = sourcecode.c.objc; path = JTSAzureClient.m; sourceTree = "<group>"; };
		C093E8DC190C351E0041D87A /* JTSLoginViewController.h */ = {isa = PBXFileReference; fileEncoding = 4; lastKnownFileType = sourcecode.c.h; path = JTSLoginViewController.h; sourceTree = "<group>"; };
		C093E8DD190C351E0041D87A /* JTSLoginViewController.m */ = {isa = PBXFileReference; fileEncoding = 4; lastKnownFileType = sourcecode.c.objc; path = JTSLoginViewController.m; sourceTree = "<group>"; };
		C093E8DE190C351E0041D87A /* JTSLoginViewController.xib */ = {isa = PBXFileReference; fileEncoding = 4; lastKnownFileType = file.xib; path = JTSLoginViewController.xib; sourceTree = "<group>"; };
		C093E8E1190C36460041D87A /* JTSHomeViewController.h */ = {isa = PBXFileReference; fileEncoding = 4; lastKnownFileType = sourcecode.c.h; path = JTSHomeViewController.h; sourceTree = "<group>"; };
		C093E8E2190C36460041D87A /* JTSHomeViewController.m */ = {isa = PBXFileReference; fileEncoding = 4; lastKnownFileType = sourcecode.c.objc; path = JTSHomeViewController.m; sourceTree = "<group>"; };
		C093E8E3190C36460041D87A /* JTSHomeViewController.xib */ = {isa = PBXFileReference; fileEncoding = 4; lastKnownFileType = file.xib; path = JTSHomeViewController.xib; sourceTree = "<group>"; };
		C093E8E7190C3C650041D87A /* JTSModel.h */ = {isa = PBXFileReference; fileEncoding = 4; lastKnownFileType = sourcecode.c.h; path = JTSModel.h; sourceTree = "<group>"; };
		C093E8E8190C3C650041D87A /* JTSModel.m */ = {isa = PBXFileReference; fileEncoding = 4; lastKnownFileType = sourcecode.c.objc; path = JTSModel.m; sourceTree = "<group>"; };
		C093E8EA190C3D2F0041D87A /* JTSDrop.h */ = {isa = PBXFileReference; fileEncoding = 4; lastKnownFileType = sourcecode.c.h; path = JTSDrop.h; sourceTree = "<group>"; };
		C093E8EB190C3D2F0041D87A /* JTSDrop.m */ = {isa = PBXFileReference; fileEncoding = 4; lastKnownFileType = sourcecode.c.objc; path = JTSDrop.m; sourceTree = "<group>"; };
		C093E8ED190C3D750041D87A /* MapKit.framework */ = {isa = PBXFileReference; lastKnownFileType = wrapper.framework; name = MapKit.framework; path = System/Library/Frameworks/MapKit.framework; sourceTree = SDKROOT; };
		C093E8F1190C418F0041D87A /* WindowsAzureMessaging.framework */ = {isa = PBXFileReference; lastKnownFileType = wrapper.framework; path = WindowsAzureMessaging.framework; sourceTree = "<group>"; };
		C093E8F2190C418F0041D87A /* WindowsAzureMobileServices.framework */ = {isa = PBXFileReference; lastKnownFileType = wrapper.framework; path = WindowsAzureMobileServices.framework; sourceTree = "<group>"; };
		C093E8F5190C4BEA0041D87A /* JTSAddDropViewController.h */ = {isa = PBXFileReference; fileEncoding = 4; lastKnownFileType = sourcecode.c.h; path = JTSAddDropViewController.h; sourceTree = "<group>"; };
		C093E8F6190C4BEA0041D87A /* JTSAddDropViewController.m */ = {isa = PBXFileReference; fileEncoding = 4; lastKnownFileType = sourcecode.c.objc; path = JTSAddDropViewController.m; sourceTree = "<group>"; };
		C093E8FE190C8CE40041D87A /* JTSDropDetailViewController.h */ = {isa = PBXFileReference; fileEncoding = 4; lastKnownFileType = sourcecode.c.h; path = JTSDropDetailViewController.h; sourceTree = "<group>"; };
		C093E8FF190C8CE40041D87A /* JTSDropDetailViewController.m */ = {isa = PBXFileReference; fileEncoding = 4; lastKnownFileType = sourcecode.c.objc; path = JTSDropDetailViewController.m; sourceTree = "<group>"; };
		C093E900190C8CE40041D87A /* JTSDropDetailViewController.xib */ = {isa = PBXFileReference; fileEncoding = 4; lastKnownFileType = file.xib; path = JTSDropDetailViewController.xib; sourceTree = "<group>"; };
		C0DA663819175C5A00516373 /* en */ = {isa = PBXFileReference; lastKnownFileType = text.plist.strings; name = en; path = en.lproj/Localizable.strings; sourceTree = "<group>"; };
		C0DA663F1917685E00516373 /* InAppSettings.bundle */ = {isa = PBXFileReference; lastKnownFileType = "wrapper.plug-in"; path = InAppSettings.bundle; sourceTree = "<group>"; };
		C0DA66411917723300516373 /* Jettison.entitlements */ = {isa = PBXFileReference; lastKnownFileType = text.xml; path = Jettison.entitlements; sourceTree = "<group>"; };
		C0E2212F191F236300F40CD4 /* JTSSettingsViewController.h */ = {isa = PBXFileReference; fileEncoding = 4; lastKnownFileType = sourcecode.c.h; path = JTSSettingsViewController.h; sourceTree = "<group>"; };
		C0E22130191F236300F40CD4 /* JTSSettingsViewController.m */ = {isa = PBXFileReference; fileEncoding = 4; lastKnownFileType = sourcecode.c.objc; path = JTSSettingsViewController.m; sourceTree = "<group>"; };
		C0E22131191F236300F40CD4 /* JTSSettingsViewController.xib */ = {isa = PBXFileReference; fileEncoding = 4; lastKnownFileType = file.xib; path = JTSSettingsViewController.xib; sourceTree = "<group>"; };
/* End PBXFileReference section */

/* Begin PBXFrameworksBuildPhase section */
		C013432B190C253F002C09D2 /* Frameworks */ = {
			isa = PBXFrameworksBuildPhase;
			buildActionMask = 2147483647;
			files = (
				C093E8EE190C3D750041D87A /* MapKit.framework in Frameworks */,
				C0134334190C253F002C09D2 /* CoreGraphics.framework in Frameworks */,
				C03C5BEF19174C8800EDDAB8 /* Crashlytics.framework in Frameworks */,
				C0134336190C253F002C09D2 /* UIKit.framework in Frameworks */,
				C093E8F4190C418F0041D87A /* WindowsAzureMobileServices.framework in Frameworks */,
				C0134332190C253F002C09D2 /* Foundation.framework in Frameworks */,
				10F1CACBA967417AB3FAFC06 /* libPods-Jettison.a in Frameworks */,
				C093E8F3190C418F0041D87A /* WindowsAzureMessaging.framework in Frameworks */,
			);
			runOnlyForDeploymentPostprocessing = 0;
		};
		C0134346190C253F002C09D2 /* Frameworks */ = {
			isa = PBXFrameworksBuildPhase;
			buildActionMask = 2147483647;
			files = (
				C013434B190C253F002C09D2 /* XCTest.framework in Frameworks */,
				C013434D190C253F002C09D2 /* UIKit.framework in Frameworks */,
				C013434C190C253F002C09D2 /* Foundation.framework in Frameworks */,
			);
			runOnlyForDeploymentPostprocessing = 0;
		};
/* End PBXFrameworksBuildPhase section */

/* Begin PBXGroup section */
		C0134325190C253F002C09D2 = {
			isa = PBXGroup;
			children = (
				C0134337190C253F002C09D2 /* Jettison */,
				C0134330190C253F002C09D2 /* Frameworks */,
				C093E8EF190C418F0041D87A /* Vendor */,
				C0134350190C253F002C09D2 /* JettisonTests */,
				C013432F190C253F002C09D2 /* Products */,
				2CF7943307F54CDF8A6C414A /* Pods-Jettison.xcconfig */,
			);
			sourceTree = "<group>";
		};
		C013432F190C253F002C09D2 /* Products */ = {
			isa = PBXGroup;
			children = (
				C013432E190C253F002C09D2 /* Jettison.app */,
				C0134349190C253F002C09D2 /* JettisonTests.xctest */,
			);
			name = Products;
			sourceTree = "<group>";
		};
		C0134330190C253F002C09D2 /* Frameworks */ = {
			isa = PBXGroup;
			children = (
				C0134333190C253F002C09D2 /* CoreGraphics.framework */,
				C0134331190C253F002C09D2 /* Foundation.framework */,
				57E26BEBA8E64392B37C280B /* libPods-Jettison.a */,
				C093E8ED190C3D750041D87A /* MapKit.framework */,
				C0134335190C253F002C09D2 /* UIKit.framework */,
				C013434A190C253F002C09D2 /* XCTest.framework */,
			);
			name = Frameworks;
			sourceTree = "<group>";
		};
		C0134337190C253F002C09D2 /* Jettison */ = {
			isa = PBXGroup;
			children = (
				C0134340190C253F002C09D2 /* JTSAppDelegate.h */,
				C0134341190C253F002C09D2 /* JTSAppDelegate.m */,
				C093E8D7190C31DA0041D87A /* Classes */,
				C0134343190C253F002C09D2 /* Images.xcassets */,
				C093E8E6190C3B090041D87A /* Models */,
				C093E8DB190C35030041D87A /* View Controllers */,
				C093E8FA190C7D590041D87A /* Views */,
				C0134338190C253F002C09D2 /* Supporting Files */,
			);
			path = Jettison;
			sourceTree = "<group>";
		};
		C0134338190C253F002C09D2 /* Supporting Files */ = {
			isa = PBXGroup;
			children = (
				C0DA663F1917685E00516373 /* InAppSettings.bundle */,
				C0134339190C253F002C09D2 /* Jettison-Info.plist */,
				C013433F190C253F002C09D2 /* Jettison-Prefix.pch */,
				C0DA66411917723300516373 /* Jettison.entitlements */,
				C0DA663919175C5A00516373 /* Localizable.strings */,
				C013433D190C253F002C09D2 /* main.m */,
			);
			name = "Supporting Files";
			sourceTree = "<group>";
		};
		C0134350190C253F002C09D2 /* JettisonTests */ = {
			isa = PBXGroup;
			children = (
				C0134356190C253F002C09D2 /* JettisonTests.m */,
				C0134351190C253F002C09D2 /* Supporting Files */,
			);
			path = JettisonTests;
			sourceTree = "<group>";
		};
		C0134351190C253F002C09D2 /* Supporting Files */ = {
			isa = PBXGroup;
			children = (
				C0134352190C253F002C09D2 /* JettisonTests-Info.plist */,
				C0134353190C253F002C09D2 /* InfoPlist.strings */,
			);
			name = "Supporting Files";
			sourceTree = "<group>";
		};
		C03C5BED19174C8800EDDAB8 /* Crashlytics */ = {
			isa = PBXGroup;
			children = (
				C03C5BEE19174C8800EDDAB8 /* Crashlytics.framework */,
			);
			path = Crashlytics;
			sourceTree = "<group>";
		};
		C093E8D7190C31DA0041D87A /* Classes */ = {
			isa = PBXGroup;
			children = (
				C093E8D8190C32090041D87A /* JTSAzureClient.h */,
				C093E8D9190C32090041D87A /* JTSAzureClient.m */,
			);
			name = Classes;
			sourceTree = "<group>";
		};
		C093E8DB190C35030041D87A /* View Controllers */ = {
			isa = PBXGroup;
			children = (
				C093E8F5190C4BEA0041D87A /* JTSAddDropViewController.h */,
				C093E8F6190C4BEA0041D87A /* JTSAddDropViewController.m */,
				C093E8FE190C8CE40041D87A /* JTSDropDetailViewController.h */,
				C093E8FF190C8CE40041D87A /* JTSDropDetailViewController.m */,
				C093E900190C8CE40041D87A /* JTSDropDetailViewController.xib */,
				C093E8E1190C36460041D87A /* JTSHomeViewController.h */,
				C093E8E2190C36460041D87A /* JTSHomeViewController.m */,
				C093E8E3190C36460041D87A /* JTSHomeViewController.xib */,
				C093E8DC190C351E0041D87A /* JTSLoginViewController.h */,
				C093E8DD190C351E0041D87A /* JTSLoginViewController.m */,
				C093E8DE190C351E0041D87A /* JTSLoginViewController.xib */,
				C0E2212F191F236300F40CD4 /* JTSSettingsViewController.h */,
				C0E22130191F236300F40CD4 /* JTSSettingsViewController.m */,
				C0E22131191F236300F40CD4 /* JTSSettingsViewController.xib */,
			);
			name = "View Controllers";
			sourceTree = "<group>";
		};
		C093E8E6190C3B090041D87A /* Models */ = {
			isa = PBXGroup;
			children = (
				C093E8EA190C3D2F0041D87A /* JTSDrop.h */,
				C093E8EB190C3D2F0041D87A /* JTSDrop.m */,
				C093E8E7190C3C650041D87A /* JTSModel.h */,
				C093E8E8190C3C650041D87A /* JTSModel.m */,
			);
			name = Models;
			sourceTree = "<group>";
		};
		C093E8EF190C418F0041D87A /* Vendor */ = {
			isa = PBXGroup;
			children = (
				C093E8F0190C418F0041D87A /* Azure */,
				C03C5BED19174C8800EDDAB8 /* Crashlytics */,
			);
			path = Vendor;
			sourceTree = "<group>";
		};
		C093E8F0190C418F0041D87A /* Azure */ = {
			isa = PBXGroup;
			children = (
				C093E8F1190C418F0041D87A /* WindowsAzureMessaging.framework */,
				C093E8F2190C418F0041D87A /* WindowsAzureMobileServices.framework */,
			);
			path = Azure;
			sourceTree = "<group>";
		};
		C093E8FA190C7D590041D87A /* Views */ = {
			isa = PBXGroup;
			children = (
			);
			name = Views;
			sourceTree = "<group>";
		};
/* End PBXGroup section */

/* Begin PBXNativeTarget section */
		C013432D190C253F002C09D2 /* Jettison */ = {
			isa = PBXNativeTarget;
			buildConfigurationList = C013435A190C253F002C09D2 /* Build configuration list for PBXNativeTarget "Jettison" */;
			buildPhases = (
				64595137A170441A9B68DF9C /* Check Pods Manifest.lock */,
				C015B24E19184724006B9298 /* Version bump */,
				C013432A190C253F002C09D2 /* Sources */,
				C013432B190C253F002C09D2 /* Frameworks */,
				C013432C190C253F002C09D2 /* Resources */,
				F9E06067C920429F9209403D /* Copy Pods Resources */,
				C03C5BEC19174C5800EDDAB8 /* Crashlytics */,
			);
			buildRules = (
			);
			dependencies = (
			);
			name = Jettison;
			productName = Jettison;
			productReference = C013432E190C253F002C09D2 /* Jettison.app */;
			productType = "com.apple.product-type.application";
		};
		C0134348190C253F002C09D2 /* JettisonTests */ = {
			isa = PBXNativeTarget;
			buildConfigurationList = C013435D190C253F002C09D2 /* Build configuration list for PBXNativeTarget "JettisonTests" */;
			buildPhases = (
				C0134345190C253F002C09D2 /* Sources */,
				C0134346190C253F002C09D2 /* Frameworks */,
				C0134347190C253F002C09D2 /* Resources */,
			);
			buildRules = (
			);
			dependencies = (
				C013434F190C253F002C09D2 /* PBXTargetDependency */,
			);
			name = JettisonTests;
			productName = JettisonTests;
			productReference = C0134349190C253F002C09D2 /* JettisonTests.xctest */;
			productType = "com.apple.product-type.bundle.unit-test";
		};
/* End PBXNativeTarget section */

/* Begin PBXProject section */
		C0134326190C253F002C09D2 /* Project object */ = {
			isa = PBXProject;
			attributes = {
				CLASSPREFIX = JTS;
				LastUpgradeCheck = 0510;
				ORGANIZATIONNAME = Jettison;
				TargetAttributes = {
					C013432D190C253F002C09D2 = {
						DevelopmentTeam = Q9U23GRL6K;
						SystemCapabilities = {
							com.apple.iCloud = {
								enabled = 1;
							};
						};
					};
					C0134348190C253F002C09D2 = {
						TestTargetID = C013432D190C253F002C09D2;
					};
				};
			};
			buildConfigurationList = C0134329190C253F002C09D2 /* Build configuration list for PBXProject "Jettison" */;
			compatibilityVersion = "Xcode 3.2";
			developmentRegion = English;
			hasScannedForEncodings = 0;
			knownRegions = (
				en,
			);
			mainGroup = C0134325190C253F002C09D2;
			productRefGroup = C013432F190C253F002C09D2 /* Products */;
			projectDirPath = "";
			projectRoot = "";
			targets = (
				C013432D190C253F002C09D2 /* Jettison */,
				C0134348190C253F002C09D2 /* JettisonTests */,
			);
		};
/* End PBXProject section */

/* Begin PBXResourcesBuildPhase section */
		C013432C190C253F002C09D2 /* Resources */ = {
			isa = PBXResourcesBuildPhase;
			buildActionMask = 2147483647;
			files = (
				C0E22133191F236300F40CD4 /* JTSSettingsViewController.xib in Resources */,
				C0DA663719175C5A00516373 /* Localizable.strings in Resources */,
				C093E902190C8CE40041D87A /* JTSDropDetailViewController.xib in Resources */,
				C093E8E0190C351E0041D87A /* JTSLoginViewController.xib in Resources */,
				C0134344190C253F002C09D2 /* Images.xcassets in Resources */,
				C0DA66401917685E00516373 /* InAppSettings.bundle in Resources */,
				C093E8E5190C36460041D87A /* JTSHomeViewController.xib in Resources */,
			);
			runOnlyForDeploymentPostprocessing = 0;
		};
		C0134347190C253F002C09D2 /* Resources */ = {
			isa = PBXResourcesBuildPhase;
			buildActionMask = 2147483647;
			files = (
				C0134355190C253F002C09D2 /* InfoPlist.strings in Resources */,
			);
			runOnlyForDeploymentPostprocessing = 0;
		};
/* End PBXResourcesBuildPhase section */

/* Begin PBXShellScriptBuildPhase section */
		64595137A170441A9B68DF9C /* Check Pods Manifest.lock */ = {
			isa = PBXShellScriptBuildPhase;
			buildActionMask = 2147483647;
			files = (
			);
			inputPaths = (
			);
			name = "Check Pods Manifest.lock";
			outputPaths = (
			);
			runOnlyForDeploymentPostprocessing = 0;
			shellPath = /bin/sh;
			shellScript = "diff \"${PODS_ROOT}/../Podfile.lock\" \"${PODS_ROOT}/Manifest.lock\" > /dev/null\nif [[ $? != 0 ]] ; then\n    cat << EOM\nerror: The sandbox is not in sync with the Podfile.lock. Run 'pod install' or update your CocoaPods installation.\nEOM\n    exit 1\nfi\n";
			showEnvVarsInLog = 0;
		};
		C015B24E19184724006B9298 /* Version bump */ = {
			isa = PBXShellScriptBuildPhase;
			buildActionMask = 2147483647;
			files = (
			);
			inputPaths = (
			);
			name = "Version bump";
			outputPaths = (
			);
			runOnlyForDeploymentPostprocessing = 0;
			shellPath = /bin/sh;
			shellScript = "# Update build version with number of commits\nBUILD_NUMBER=$(git rev-list HEAD | wc -l | tr -d ' ')\n\n# Set git SHA for this build\nGIT_SHA=$(git rev-parse --short HEAD)\n\n# Update version string with build number\nGIT_RELEASE_VERSION=$(git describe --tags --always --dirty)\n\n# Update plist with new values\ndefaults write \"${BUILT_PRODUCTS_DIR}/${INFOPLIST_PATH%.*}\" \"CFBundleShortVersionString\" \"${GIT_RELEASE_VERSION#*v}\"\ndefaults write \"${BUILT_PRODUCTS_DIR}/${INFOPLIST_PATH%.*}\" \"CFBundleVersion\" \"${BUILD_NUMBER}\"\ndefaults write \"${BUILT_PRODUCTS_DIR}/${INFOPLIST_PATH%.*}\" \"GitSHA\" \"${GIT_SHA}\"\n";
		};
		C03C5BEC19174C5800EDDAB8 /* Crashlytics */ = {
			isa = PBXShellScriptBuildPhase;
			buildActionMask = 2147483647;
			files = (
			);
			inputPaths = (
			);
			name = Crashlytics;
			outputPaths = (
			);
			runOnlyForDeploymentPostprocessing = 0;
			shellPath = /bin/sh;
			shellScript = "./Vendor/Crashlytics/Crashlytics.framework/run 131c48cd3aa4014211c76edd0d36ed0f0b40e5c1 886d69a43bab48a73859860f5af0d39c5e93f4f63be05acaa45d6c2b12d5e266";
		};
		F9E06067C920429F9209403D /* Copy Pods Resources */ = {
			isa = PBXShellScriptBuildPhase;
			buildActionMask = 2147483647;
			files = (
			);
			inputPaths = (
			);
			name = "Copy Pods Resources";
			outputPaths = (
			);
			runOnlyForDeploymentPostprocessing = 0;
			shellPath = /bin/sh;
			shellScript = "\"${SRCROOT}/Pods/Pods-Jettison-resources.sh\"\n";
			showEnvVarsInLog = 0;
		};
/* End PBXShellScriptBuildPhase section */

/* Begin PBXSourcesBuildPhase section */
		C013432A190C253F002C09D2 /* Sources */ = {
			isa = PBXSourcesBuildPhase;
			buildActionMask = 2147483647;
			files = (
				C093E8E4190C36460041D87A /* JTSHomeViewController.m in Sources */,
				C093E8DF190C351E0041D87A /* JTSLoginViewController.m in Sources */,
				C093E901190C8CE40041D87A /* JTSDropDetailViewController.m in Sources */,
				C093E8DA190C32090041D87A /* JTSAzureClient.m in Sources */,
				C093E8E9190C3C650041D87A /* JTSModel.m in Sources */,
				C093E8F8190C4BEA0041D87A /* JTSAddDropViewController.m in Sources */,
				C0134342190C253F002C09D2 /* JTSAppDelegate.m in Sources */,
				C093E8EC190C3D2F0041D87A /* JTSDrop.m in Sources */,
				C013433E190C253F002C09D2 /* main.m in Sources */,
				C0E22132191F236300F40CD4 /* JTSSettingsViewController.m in Sources */,
			);
			runOnlyForDeploymentPostprocessing = 0;
		};
		C0134345190C253F002C09D2 /* Sources */ = {
			isa = PBXSourcesBuildPhase;
			buildActionMask = 2147483647;
			files = (
				C0134357190C253F002C09D2 /* JettisonTests.m in Sources */,
			);
			runOnlyForDeploymentPostprocessing = 0;
		};
/* End PBXSourcesBuildPhase section */

/* Begin PBXTargetDependency section */
		C013434F190C253F002C09D2 /* PBXTargetDependency */ = {
			isa = PBXTargetDependency;
			target = C013432D190C253F002C09D2 /* Jettison */;
			targetProxy = C013434E190C253F002C09D2 /* PBXContainerItemProxy */;
		};
/* End PBXTargetDependency section */

/* Begin PBXVariantGroup section */
		C0134353190C253F002C09D2 /* InfoPlist.strings */ = {
			isa = PBXVariantGroup;
			children = (
				C0134354190C253F002C09D2 /* en */,
			);
			name = InfoPlist.strings;
			sourceTree = "<group>";
		};
		C0DA663919175C5A00516373 /* Localizable.strings */ = {
			isa = PBXVariantGroup;
			children = (
				C0DA663819175C5A00516373 /* en */,
			);
			name = Localizable.strings;
			sourceTree = "<group>";
		};
/* End PBXVariantGroup section */

/* Begin XCBuildConfiguration section */
		C0134358190C253F002C09D2 /* Debug */ = {
			isa = XCBuildConfiguration;
			buildSettings = {
				ALWAYS_SEARCH_USER_PATHS = NO;
				CLANG_CXX_LANGUAGE_STANDARD = "gnu++0x";
				CLANG_CXX_LIBRARY = "libc++";
				CLANG_ENABLE_MODULES = YES;
				CLANG_ENABLE_OBJC_ARC = YES;
				CLANG_WARN_BOOL_CONVERSION = YES;
				CLANG_WARN_CONSTANT_CONVERSION = YES;
				CLANG_WARN_DIRECT_OBJC_ISA_USAGE = YES_ERROR;
				CLANG_WARN_EMPTY_BODY = YES;
				CLANG_WARN_ENUM_CONVERSION = YES;
				CLANG_WARN_INT_CONVERSION = YES;
				CLANG_WARN_OBJC_ROOT_CLASS = YES_ERROR;
				CLANG_WARN__DUPLICATE_METHOD_MATCH = YES;
				"CODE_SIGN_IDENTITY[sdk=iphoneos*]" = "iPhone Developer";
				COPY_PHASE_STRIP = NO;
				GCC_C_LANGUAGE_STANDARD = gnu99;
				GCC_DYNAMIC_NO_PIC = NO;
				GCC_OPTIMIZATION_LEVEL = 0;
				GCC_PREPROCESSOR_DEFINITIONS = (
					"DEBUG=1",
					"$(inherited)",
				);
				GCC_SYMBOLS_PRIVATE_EXTERN = NO;
				GCC_WARN_64_TO_32_BIT_CONVERSION = YES;
				GCC_WARN_ABOUT_RETURN_TYPE = YES_ERROR;
				GCC_WARN_UNDECLARED_SELECTOR = YES;
				GCC_WARN_UNINITIALIZED_AUTOS = YES_AGGRESSIVE;
				GCC_WARN_UNUSED_FUNCTION = YES;
				GCC_WARN_UNUSED_VARIABLE = YES;
				IPHONEOS_DEPLOYMENT_TARGET = 7.0;
				ONLY_ACTIVE_ARCH = YES;
				SDKROOT = iphoneos;
			};
			name = Debug;
		};
		C0134359190C253F002C09D2 /* Release */ = {
			isa = XCBuildConfiguration;
			buildSettings = {
				ALWAYS_SEARCH_USER_PATHS = NO;
				CLANG_CXX_LANGUAGE_STANDARD = "gnu++0x";
				CLANG_CXX_LIBRARY = "libc++";
				CLANG_ENABLE_MODULES = YES;
				CLANG_ENABLE_OBJC_ARC = YES;
				CLANG_WARN_BOOL_CONVERSION = YES;
				CLANG_WARN_CONSTANT_CONVERSION = YES;
				CLANG_WARN_DIRECT_OBJC_ISA_USAGE = YES_ERROR;
				CLANG_WARN_EMPTY_BODY = YES;
				CLANG_WARN_ENUM_CONVERSION = YES;
				CLANG_WARN_INT_CONVERSION = YES;
				CLANG_WARN_OBJC_ROOT_CLASS = YES_ERROR;
				CLANG_WARN__DUPLICATE_METHOD_MATCH = YES;
				"CODE_SIGN_IDENTITY[sdk=iphoneos*]" = "iPhone Developer";
				COPY_PHASE_STRIP = YES;
				ENABLE_NS_ASSERTIONS = NO;
				GCC_C_LANGUAGE_STANDARD = gnu99;
				GCC_WARN_64_TO_32_BIT_CONVERSION = YES;
				GCC_WARN_ABOUT_RETURN_TYPE = YES_ERROR;
				GCC_WARN_UNDECLARED_SELECTOR = YES;
				GCC_WARN_UNINITIALIZED_AUTOS = YES_AGGRESSIVE;
				GCC_WARN_UNUSED_FUNCTION = YES;
				GCC_WARN_UNUSED_VARIABLE = YES;
				IPHONEOS_DEPLOYMENT_TARGET = 7.0;
				SDKROOT = iphoneos;
				VALIDATE_PRODUCT = YES;
			};
			name = Release;
		};
		C013435B190C253F002C09D2 /* Debug */ = {
			isa = XCBuildConfiguration;
			baseConfigurationReference = 2CF7943307F54CDF8A6C414A /* Pods-Jettison.xcconfig */;
			buildSettings = {
				ASSETCATALOG_COMPILER_APPICON_NAME = AppIcon;
				ASSETCATALOG_COMPILER_LAUNCHIMAGE_NAME = LaunchImage;
				CODE_SIGN_ENTITLEMENTS = Jettison/Jettison.entitlements;
				CODE_SIGN_IDENTITY = "iPhone Developer";
				"CODE_SIGN_IDENTITY[sdk=iphoneos*]" = "iPhone Developer";
				FRAMEWORK_SEARCH_PATHS = (
					"$(inherited)",
					"$(PROJECT_DIR)/Vendor/Azure",
					"$(PROJECT_DIR)/Vendor/Crashlytics",
				);
				GCC_PRECOMPILE_PREFIX_HEADER = YES;
				GCC_PREFIX_HEADER = "Jettison/Jettison-Prefix.pch";
				INFOPLIST_FILE = "Jettison/Jettison-Info.plist";
				PRODUCT_NAME = "$(TARGET_NAME)";
				PROVISIONING_PROFILE = "47F3A800-28E9-4A65-966A-6B154E24B293";
				WRAPPER_EXTENSION = app;
			};
			name = Debug;
		};
		C013435C190C253F002C09D2 /* Release */ = {
			isa = XCBuildConfiguration;
			baseConfigurationReference = 2CF7943307F54CDF8A6C414A /* Pods-Jettison.xcconfig */;
			buildSettings = {
				ASSETCATALOG_COMPILER_APPICON_NAME = AppIcon;
				ASSETCATALOG_COMPILER_LAUNCHIMAGE_NAME = LaunchImage;
				CODE_SIGN_ENTITLEMENTS = Jettison/Jettison.entitlements;
				CODE_SIGN_IDENTITY = "iPhone Developer";
				"CODE_SIGN_IDENTITY[sdk=iphoneos*]" = "iPhone Developer";
				FRAMEWORK_SEARCH_PATHS = (
					"$(inherited)",
					"$(PROJECT_DIR)/Vendor/Azure",
					"$(PROJECT_DIR)/Vendor/Crashlytics",
				);
				GCC_PRECOMPILE_PREFIX_HEADER = YES;
				GCC_PREFIX_HEADER = "Jettison/Jettison-Prefix.pch";
				INFOPLIST_FILE = "Jettison/Jettison-Info.plist";
				PRODUCT_NAME = "$(TARGET_NAME)";
				PROVISIONING_PROFILE = "90E811B0-1868-4328-B33A-D4135F3F002D";
				WRAPPER_EXTENSION = app;
			};
			name = Release;
		};
		C013435E190C253F002C09D2 /* Debug */ = {
			isa = XCBuildConfiguration;
			buildSettings = {
				BUNDLE_LOADER = "$(BUILT_PRODUCTS_DIR)/Jettison.app/Jettison";
				FRAMEWORK_SEARCH_PATHS = (
					"$(SDKROOT)/Developer/Library/Frameworks",
					"$(inherited)",
					"$(DEVELOPER_FRAMEWORKS_DIR)",
				);
				GCC_PRECOMPILE_PREFIX_HEADER = YES;
				GCC_PREFIX_HEADER = "Jettison/Jettison-Prefix.pch";
				GCC_PREPROCESSOR_DEFINITIONS = (
					"DEBUG=1",
					"$(inherited)",
				);
				INFOPLIST_FILE = "JettisonTests/JettisonTests-Info.plist";
				PRODUCT_NAME = "$(TARGET_NAME)";
				TEST_HOST = "$(BUNDLE_LOADER)";
				WRAPPER_EXTENSION = xctest;
			};
			name = Debug;
		};
		C013435F190C253F002C09D2 /* Release */ = {
			isa = XCBuildConfiguration;
			buildSettings = {
				BUNDLE_LOADER = "$(BUILT_PRODUCTS_DIR)/Jettison.app/Jettison";
				FRAMEWORK_SEARCH_PATHS = (
					"$(SDKROOT)/Developer/Library/Frameworks",
					"$(inherited)",
					"$(DEVELOPER_FRAMEWORKS_DIR)",
				);
				GCC_PRECOMPILE_PREFIX_HEADER = YES;
				GCC_PREFIX_HEADER = "Jettison/Jettison-Prefix.pch";
				INFOPLIST_FILE = "JettisonTests/JettisonTests-Info.plist";
				PRODUCT_NAME = "$(TARGET_NAME)";
				TEST_HOST = "$(BUNDLE_LOADER)";
				WRAPPER_EXTENSION = xctest;
			};
			name = Release;
		};
/* End XCBuildConfiguration section */

/* Begin XCConfigurationList section */
		C0134329190C253F002C09D2 /* Build configuration list for PBXProject "Jettison" */ = {
			isa = XCConfigurationList;
			buildConfigurations = (
				C0134358190C253F002C09D2 /* Debug */,
				C0134359190C253F002C09D2 /* Release */,
			);
			defaultConfigurationIsVisible = 0;
			defaultConfigurationName = Release;
		};
		C013435A190C253F002C09D2 /* Build configuration list for PBXNativeTarget "Jettison" */ = {
			isa = XCConfigurationList;
			buildConfigurations = (
				C013435B190C253F002C09D2 /* Debug */,
				C013435C190C253F002C09D2 /* Release */,
			);
			defaultConfigurationIsVisible = 0;
			defaultConfigurationName = Release;
		};
		C013435D190C253F002C09D2 /* Build configuration list for PBXNativeTarget "JettisonTests" */ = {
			isa = XCConfigurationList;
			buildConfigurations = (
				C013435E190C253F002C09D2 /* Debug */,
				C013435F190C253F002C09D2 /* Release */,
			);
			defaultConfigurationIsVisible = 0;
			defaultConfigurationName = Release;
		};
/* End XCConfigurationList section */
	};
	rootObject = C0134326190C253F002C09D2 /* Project object */;
}
